PODS:
  - CryptoSwift (0.6.6)
  - ISHPullUp (1.0.4)

DEPENDENCIES:
  - CryptoSwift
  - ISHPullUp

SPEC CHECKSUMS:
  CryptoSwift: 88592381b73f36e192124539390a7c9bacda76af
  ISHPullUp: b98a286f3e85dc885a3bf20bf75853947984277d

PODFILE CHECKSUM: 872a8a3ed6e7aec5d79439ff3411a35dbe0eb1da

COCOAPODS: 1.1.1
