// !$*UTF8*$!
{
	archiveVersion = 1;
	classes = {
	};
	objectVersion = 46;
	objects = {

/* Begin PBXBuildFile section */
		43758A351DFC68A700BE6D3B /* AppDelegate.swift in Sources */ = {isa = PBXBuildFile; fileRef = 43758A341DFC68A700BE6D3B /* AppDelegate.swift */; };
		43758A371DFC68A700BE6D3B /* MainController.swift in Sources */ = {isa = PBXBuildFile; fileRef = 43758A361DFC68A700BE6D3B /* MainController.swift */; };
		43758A3A1DFC68A700BE6D3B /* Main.storyboard in Resources */ = {isa = PBXBuildFile; fileRef = 43758A381DFC68A700BE6D3B /* Main.storyboard */; };
		43758A3C1DFC68A700BE6D3B /* Assets.xcassets in Resources */ = {isa = PBXBuildFile; fileRef = 43758A3B1DFC68A700BE6D3B /* Assets.xcassets */; };
		43758A3F1DFC68A700BE6D3B /* LaunchScreen.storyboard in Resources */ = {isa = PBXBuildFile; fileRef = 43758A3D1DFC68A700BE6D3B /* LaunchScreen.storyboard */; };
		43758A471DFC696200BE6D3B /* CryptView.swift in Sources */ = {isa = PBXBuildFile; fileRef = 43758A461DFC696200BE6D3B /* CryptView.swift */; };
		43758A491DFC733100BE6D3B /* CharColor.swift in Sources */ = {isa = PBXBuildFile; fileRef = 43758A481DFC733100BE6D3B /* CharColor.swift */; };
		43758A4B1DFCF40D00BE6D3B /* CustomColors.swift in Sources */ = {isa = PBXBuildFile; fileRef = 43758A4A1DFCF40D00BE6D3B /* CustomColors.swift */; };
		438303A71E0A235900BAC1BB /* Crypto.swift in Sources */ = {isa = PBXBuildFile; fileRef = 438303A61E0A235900BAC1BB /* Crypto.swift */; };
		4393DB0F1E1443EC00D6DCFA /* SplitViewController.swift in Sources */ = {isa = PBXBuildFile; fileRef = 4393DB0D1E1443EC00D6DCFA /* SplitViewController.swift */; };
		4393DB131E1443FB00D6DCFA /* PanelViewController.swift in Sources */ = {isa = PBXBuildFile; fileRef = 4393DB111E1443FB00D6DCFA /* PanelViewController.swift */; };
		43AB95111E036890006E74C6 /* ImageAnalyzer.swift in Sources */ = {isa = PBXBuildFile; fileRef = 43AB95101E036890006E74C6 /* ImageAnalyzer.swift */; };
		5DD971F0DD95921EB3BEAD5C /* Pods_PicCrypt.framework in Frameworks */ = {isa = PBXBuildFile; fileRef = 67F45A0240E4F7431ECB6DD9 /* Pods_PicCrypt.framework */; };
/* End PBXBuildFile section */

/* Begin PBXFileReference section */
		01C66D4558ED024E9F42E61A /* Pods-PicCrypt.release.xcconfig */ = {isa = PBXFileReference; includeInIndex = 1; lastKnownFileType = text.xcconfig; name = "Pods-PicCrypt.release.xcconfig"; path = "Pods/Target Support Files/Pods-PicCrypt/Pods-PicCrypt.release.xcconfig"; sourceTree = "<group>"; };
		43758A311DFC68A700BE6D3B /* PicCrypt.app */ = {isa = PBXFileReference; explicitFileType = wrapper.application; includeInIndex = 0; path = PicCrypt.app; sourceTree = BUILT_PRODUCTS_DIR; };
		43758A341DFC68A700BE6D3B /* AppDelegate.swift */ = {isa = PBXFileReference; lastKnownFileType = sourcecode.swift; path = AppDelegate.swift; sourceTree = "<group>"; };
		43758A361DFC68A700BE6D3B /* MainController.swift */ = {isa = PBXFileReference; lastKnownFileType = sourcecode.swift; path = MainController.swift; sourceTree = "<group>"; };
		43758A391DFC68A700BE6D3B /* Base */ = {isa = PBXFileReference; lastKnownFileType = file.storyboard; name = Base; path = Base.lproj/Main.storyboard; sourceTree = "<group>"; };
		43758A3B1DFC68A700BE6D3B /* Assets.xcassets */ = {isa = PBXFileReference; lastKnownFileType = folder.assetcatalog; path = Assets.xcassets; sourceTree = "<group>"; };
		43758A3E1DFC68A700BE6D3B /* Base */ = {isa = PBXFileReference; lastKnownFileType = file.storyboard; name = Base; path = Base.lproj/LaunchScreen.storyboard; sourceTree = "<group>"; };
		43758A401DFC68A700BE6D3B /* Info.plist */ = {isa = PBXFileReference; lastKnownFileType = text.plist.xml; path = Info.plist; sourceTree = "<group>"; };
		43758A461DFC696200BE6D3B /* CryptView.swift */ = {isa = PBXFileReference; fileEncoding = 4; lastKnownFileType = sourcecode.swift; path = CryptView.swift; sourceTree = "<group>"; };
		43758A481DFC733100BE6D3B /* CharColor.swift */ = {isa = PBXFileReference; fileEncoding = 4; lastKnownFileType = sourcecode.swift; path = CharColor.swift; sourceTree = "<group>"; };
		43758A4A1DFCF40D00BE6D3B /* CustomColors.swift */ = {isa = PBXFileReference; fileEncoding = 4; lastKnownFileType = sourcecode.swift; path = CustomColors.swift; sourceTree = "<group>"; };
		438303A61E0A235900BAC1BB /* Crypto.swift */ = {isa = PBXFileReference; fileEncoding = 4; lastKnownFileType = sourcecode.swift; path = Crypto.swift; sourceTree = "<group>"; };
		4393DB0C1E1443E300D6DCFA /* ISHPullUpSample-Bridging-Header.h */ = {isa = PBXFileReference; lastKnownFileType = sourcecode.c.h; path = "ISHPullUpSample-Bridging-Header.h"; sourceTree = "<group>"; };
		4393DB0D1E1443EC00D6DCFA /* SplitViewController.swift */ = {isa = PBXFileReference; fileEncoding = 4; lastKnownFileType = sourcecode.swift; path = SplitViewController.swift; sourceTree = "<group>"; };
		4393DB111E1443FB00D6DCFA /* PanelViewController.swift */ = {isa = PBXFileReference; fileEncoding = 4; lastKnownFileType = sourcecode.swift; path = PanelViewController.swift; sourceTree = "<group>"; };
		43AB95101E036890006E74C6 /* ImageAnalyzer.swift */ = {isa = PBXFileReference; fileEncoding = 4; lastKnownFileType = sourcecode.swift; path = ImageAnalyzer.swift; sourceTree = "<group>"; };
		67F45A0240E4F7431ECB6DD9 /* Pods_PicCrypt.framework */ = {isa = PBXFileReference; explicitFileType = wrapper.framework; includeInIndex = 0; path = Pods_PicCrypt.framework; sourceTree = BUILT_PRODUCTS_DIR; };
		702AA35CB2C96FE957E8E882 /* Pods-PicCrypt.debug.xcconfig */ = {isa = PBXFileReference; includeInIndex = 1; lastKnownFileType = text.xcconfig; name = "Pods-PicCrypt.debug.xcconfig"; path = "Pods/Target Support Files/Pods-PicCrypt/Pods-PicCrypt.debug.xcconfig"; sourceTree = "<group>"; };
/* End PBXFileReference section */

/* Begin PBXFrameworksBuildPhase section */
		43758A2E1DFC68A700BE6D3B /* Frameworks */ = {
			isa = PBXFrameworksBuildPhase;
			buildActionMask = 2147483647;
			files = (
				5DD971F0DD95921EB3BEAD5C /* Pods_PicCrypt.framework in Frameworks */,
			);
			runOnlyForDeploymentPostprocessing = 0;
		};
/* End PBXFrameworksBuildPhase section */

/* Begin PBXGroup section */
		09FC226FDFD521DA5FDA870E /* Pods */ = {
			isa = PBXGroup;
			children = (
				702AA35CB2C96FE957E8E882 /* Pods-PicCrypt.debug.xcconfig */,
				01C66D4558ED024E9F42E61A /* Pods-PicCrypt.release.xcconfig */,
			);
			name = Pods;
			sourceTree = "<group>";
		};
		43758A281DFC68A700BE6D3B = {
			isa = PBXGroup;
			children = (
				43758A331DFC68A700BE6D3B /* PicCrypt */,
				43758A321DFC68A700BE6D3B /* Products */,
				09FC226FDFD521DA5FDA870E /* Pods */,
				7BDA748EB719B7B1CD36AE9A /* Frameworks */,
			);
			sourceTree = "<group>";
		};
		43758A321DFC68A700BE6D3B /* Products */ = {
			isa = PBXGroup;
			children = (
				43758A311DFC68A700BE6D3B /* PicCrypt.app */,
			);
			name = Products;
			sourceTree = "<group>";
		};
		43758A331DFC68A700BE6D3B /* PicCrypt */ = {
			isa = PBXGroup;
			children = (
				4393DB151E14468A00D6DCFA /* Helpers */,
				4393DB0B1E14436300D6DCFA /* PullControllers */,
				43758A461DFC696200BE6D3B /* CryptView.swift */,
				43758A361DFC68A700BE6D3B /* MainController.swift */,
				4393DB111E1443FB00D6DCFA /* PanelViewController.swift */,
				43758A381DFC68A700BE6D3B /* Main.storyboard */,
				43758A3B1DFC68A700BE6D3B /* Assets.xcassets */,
				43758A341DFC68A700BE6D3B /* AppDelegate.swift */,
				43758A3D1DFC68A700BE6D3B /* LaunchScreen.storyboard */,
				43758A401DFC68A700BE6D3B /* Info.plist */,
			);
			path = PicCrypt;
			sourceTree = "<group>";
		};
		4393DB0B1E14436300D6DCFA /* PullControllers */ = {
			isa = PBXGroup;
			children = (
				4393DB0D1E1443EC00D6DCFA /* SplitViewController.swift */,
				4393DB0C1E1443E300D6DCFA /* ISHPullUpSample-Bridging-Header.h */,
			);
			name = PullControllers;
			sourceTree = "<group>";
		};
		4393DB151E14468A00D6DCFA /* Helpers */ = {
			isa = PBXGroup;
			children = (
				438303A61E0A235900BAC1BB /* Crypto.swift */,
				43758A4A1DFCF40D00BE6D3B /* CustomColors.swift */,
				43758A481DFC733100BE6D3B /* CharColor.swift */,
				43AB95101E036890006E74C6 /* ImageAnalyzer.swift */,
			);
			name = Helpers;
			sourceTree = "<group>";
		};
		7BDA748EB719B7B1CD36AE9A /* Frameworks */ = {
			isa = PBXGroup;
			children = (
				67F45A0240E4F7431ECB6DD9 /* Pods_PicCrypt.framework */,
			);
			name = Frameworks;
			sourceTree = "<group>";
		};
/* End PBXGroup section */

/* Begin PBXNativeTarget section */
		43758A301DFC68A700BE6D3B /* PicCrypt */ = {
			isa = PBXNativeTarget;
			buildConfigurationList = 43758A431DFC68A700BE6D3B /* Build configuration list for PBXNativeTarget "PicCrypt" */;
			buildPhases = (
				C55C7D9C9A392727E3CC17D7 /* [CP] Check Pods Manifest.lock */,
				43758A2D1DFC68A700BE6D3B /* Sources */,
				43758A2E1DFC68A700BE6D3B /* Frameworks */,
				43758A2F1DFC68A700BE6D3B /* Resources */,
				9790D79B77F6492233BA75DE /* [CP] Embed Pods Frameworks */,
				6CA742DCE9E4141C8A6F91B6 /* [CP] Copy Pods Resources */,
			);
			buildRules = (
			);
			dependencies = (
			);
			name = PicCrypt;
			productName = PicCrypt;
			productReference = 43758A311DFC68A700BE6D3B /* PicCrypt.app */;
			productType = "com.apple.product-type.application";
		};
/* End PBXNativeTarget section */

/* Begin PBXProject section */
		43758A291DFC68A700BE6D3B /* Project object */ = {
			isa = PBXProject;
			attributes = {
				LastSwiftUpdateCheck = 0810;
				LastUpgradeCheck = 0810;
				ORGANIZATIONNAME = "Fraser King";
				TargetAttributes = {
					43758A301DFC68A700BE6D3B = {
						CreatedOnToolsVersion = 8.1;
						DevelopmentTeam = WQ4X98Q4GE;
						ProvisioningStyle = Automatic;
					};
				};
			};
			buildConfigurationList = 43758A2C1DFC68A700BE6D3B /* Build configuration list for PBXProject "PicCrypt" */;
			compatibilityVersion = "Xcode 3.2";
			developmentRegion = English;
			hasScannedForEncodings = 0;
			knownRegions = (
				en,
				Base,
			);
			mainGroup = 43758A281DFC68A700BE6D3B;
			productRefGroup = 43758A321DFC68A700BE6D3B /* Products */;
			projectDirPath = "";
			projectRoot = "";
			targets = (
				43758A301DFC68A700BE6D3B /* PicCrypt */,
			);
		};
/* End PBXProject section */

/* Begin PBXResourcesBuildPhase section */
		43758A2F1DFC68A700BE6D3B /* Resources */ = {
			isa = PBXResourcesBuildPhase;
			buildActionMask = 2147483647;
			files = (
				43758A3F1DFC68A700BE6D3B /* LaunchScreen.storyboard in Resources */,
				43758A3C1DFC68A700BE6D3B /* Assets.xcassets in Resources */,
				43758A3A1DFC68A700BE6D3B /* Main.storyboard in Resources */,
			);
			runOnlyForDeploymentPostprocessing = 0;
		};
/* End PBXResourcesBuildPhase section */

/* Begin PBXShellScriptBuildPhase section */
		6CA742DCE9E4141C8A6F91B6 /* [CP] Copy Pods Resources */ = {
			isa = PBXShellScriptBuildPhase;
			buildActionMask = 2147483647;
			files = (
			);
			inputPaths = (
			);
			name = "[CP] Copy Pods Resources";
			outputPaths = (
			);
			runOnlyForDeploymentPostprocessing = 0;
			shellPath = /bin/sh;
			shellScript = "\"${SRCROOT}/Pods/Target Support Files/Pods-PicCrypt/Pods-PicCrypt-resources.sh\"\n";
			showEnvVarsInLog = 0;
		};
		9790D79B77F6492233BA75DE /* [CP] Embed Pods Frameworks */ = {
			isa = PBXShellScriptBuildPhase;
			buildActionMask = 2147483647;
			files = (
			);
			inputPaths = (
			);
			name = "[CP] Embed Pods Frameworks";
			outputPaths = (
			);
			runOnlyForDeploymentPostprocessing = 0;
			shellPath = /bin/sh;
			shellScript = "\"${SRCROOT}/Pods/Target Support Files/Pods-PicCrypt/Pods-PicCrypt-frameworks.sh\"\n";
			showEnvVarsInLog = 0;
		};
		C55C7D9C9A392727E3CC17D7 /* [CP] Check Pods Manifest.lock */ = {
			isa = PBXShellScriptBuildPhase;
			buildActionMask = 2147483647;
			files = (
			);
			inputPaths = (
			);
			name = "[CP] Check Pods Manifest.lock";
			outputPaths = (
			);
			runOnlyForDeploymentPostprocessing = 0;
			shellPath = /bin/sh;
			shellScript = "diff \"${PODS_ROOT}/../Podfile.lock\" \"${PODS_ROOT}/Manifest.lock\" > /dev/null\nif [ $? != 0 ] ; then\n    # print error to STDERR\n    echo \"error: The sandbox is not in sync with the Podfile.lock. Run 'pod install' or update your CocoaPods installation.\" >&2\n    exit 1\nfi\n";
			showEnvVarsInLog = 0;
		};
/* End PBXShellScriptBuildPhase section */

/* Begin PBXSourcesBuildPhase section */
		43758A2D1DFC68A700BE6D3B /* Sources */ = {
			isa = PBXSourcesBuildPhase;
			buildActionMask = 2147483647;
			files = (
				43758A471DFC696200BE6D3B /* CryptView.swift in Sources */,
				43AB95111E036890006E74C6 /* ImageAnalyzer.swift in Sources */,
				43758A4B1DFCF40D00BE6D3B /* CustomColors.swift in Sources */,
				43758A371DFC68A700BE6D3B /* MainController.swift in Sources */,
				43758A351DFC68A700BE6D3B /* AppDelegate.swift in Sources */,
				438303A71E0A235900BAC1BB /* Crypto.swift in Sources */,
				4393DB131E1443FB00D6DCFA /* PanelViewController.swift in Sources */,
				4393DB0F1E1443EC00D6DCFA /* SplitViewController.swift in Sources */,
				43758A491DFC733100BE6D3B /* CharColor.swift in Sources */,
			);
			runOnlyForDeploymentPostprocessing = 0;
		};
/* End PBXSourcesBuildPhase section */

/* Begin PBXVariantGroup section */
		43758A381DFC68A700BE6D3B /* Main.storyboard */ = {
			isa = PBXVariantGroup;
			children = (
				43758A391DFC68A700BE6D3B /* Base */,
			);
			name = Main.storyboard;
			sourceTree = "<group>";
		};
		43758A3D1DFC68A700BE6D3B /* LaunchScreen.storyboard */ = {
			isa = PBXVariantGroup;
			children = (
				43758A3E1DFC68A700BE6D3B /* Base */,
			);
			name = LaunchScreen.storyboard;
			sourceTree = "<group>";
		};
/* End PBXVariantGroup section */

/* Begin XCBuildConfiguration section */
		43758A411DFC68A700BE6D3B /* Debug */ = {
			isa = XCBuildConfiguration;
			buildSettings = {
				ALWAYS_SEARCH_USER_PATHS = NO;
				CLANG_ANALYZER_NONNULL = YES;
				CLANG_CXX_LANGUAGE_STANDARD = "gnu++0x";
				CLANG_CXX_LIBRARY = "libc++";
				CLANG_ENABLE_MODULES = YES;
				CLANG_ENABLE_OBJC_ARC = YES;
				CLANG_WARN_BOOL_CONVERSION = YES;
				CLANG_WARN_CONSTANT_CONVERSION = YES;
				CLANG_WARN_DIRECT_OBJC_ISA_USAGE = YES_ERROR;
				CLANG_WARN_DOCUMENTATION_COMMENTS = YES;
				CLANG_WARN_EMPTY_BODY = YES;
				CLANG_WARN_ENUM_CONVERSION = YES;
				CLANG_WARN_INFINITE_RECURSION = YES;
				CLANG_WARN_INT_CONVERSION = YES;
				CLANG_WARN_OBJC_ROOT_CLASS = YES_ERROR;
				CLANG_WARN_SUSPICIOUS_MOVES = YES;
				CLANG_WARN_UNREACHABLE_CODE = YES;
				CLANG_WARN__DUPLICATE_METHOD_MATCH = YES;
				"CODE_SIGN_IDENTITY[sdk=iphoneos*]" = "iPhone Developer";
				COPY_PHASE_STRIP = NO;
				DEBUG_INFORMATION_FORMAT = dwarf;
				ENABLE_STRICT_OBJC_MSGSEND = YES;
				ENABLE_TESTABILITY = YES;
				GCC_C_LANGUAGE_STANDARD = gnu99;
				GCC_DYNAMIC_NO_PIC = NO;
				GCC_NO_COMMON_BLOCKS = YES;
				GCC_OPTIMIZATION_LEVEL = 0;
				GCC_PREPROCESSOR_DEFINITIONS = (
					"DEBUG=1",
					"$(inherited)",
				);
				GCC_WARN_64_TO_32_BIT_CONVERSION = YES;
				GCC_WARN_ABOUT_RETURN_TYPE = YES_ERROR;
				GCC_WARN_UNDECLARED_SELECTOR = YES;
				GCC_WARN_UNINITIALIZED_AUTOS = YES_AGGRESSIVE;
				GCC_WARN_UNUSED_FUNCTION = YES;
				GCC_WARN_UNUSED_VARIABLE = YES;
				IPHONEOS_DEPLOYMENT_TARGET = 10.1;
				MTL_ENABLE_DEBUG_INFO = YES;
				ONLY_ACTIVE_ARCH = YES;
				SDKROOT = iphoneos;
				SWIFT_ACTIVE_COMPILATION_CONDITIONS = DEBUG;
				SWIFT_OPTIMIZATION_LEVEL = "-Onone";
				TARGETED_DEVICE_FAMILY = "1,2";
			};
			name = Debug;
		};
		43758A421DFC68A700BE6D3B /* Release */ = {
			isa = XCBuildConfiguration;
			buildSettings = {
				ALWAYS_SEARCH_USER_PATHS = NO;
				CLANG_ANALYZER_NONNULL = YES;
				CLANG_CXX_LANGUAGE_STANDARD = "gnu++0x";
				CLANG_CXX_LIBRARY = "libc++";
				CLANG_ENABLE_MODULES = YES;
				CLANG_ENABLE_OBJC_ARC = YES;
				CLANG_WARN_BOOL_CONVERSION = YES;
				CLANG_WARN_CONSTANT_CONVERSION = YES;
				CLANG_WARN_DIRECT_OBJC_ISA_USAGE = YES_ERROR;
				CLANG_WARN_DOCUMENTATION_COMMENTS = YES;
				CLANG_WARN_EMPTY_BODY = YES;
				CLANG_WARN_ENUM_CONVERSION = YES;
				CLANG_WARN_INFINITE_RECURSION = YES;
				CLANG_WARN_INT_CONVERSION = YES;
				CLANG_WARN_OBJC_ROOT_CLASS = YES_ERROR;
				CLANG_WARN_SUSPICIOUS_MOVES = YES;
				CLANG_WARN_UNREACHABLE_CODE = YES;
				CLANG_WARN__DUPLICATE_METHOD_MATCH = YES;
				"CODE_SIGN_IDENTITY[sdk=iphoneos*]" = "iPhone Developer";
				COPY_PHASE_STRIP = NO;
				DEBUG_INFORMATION_FORMAT = "dwarf-with-dsym";
				ENABLE_NS_ASSERTIONS = NO;
				ENABLE_STRICT_OBJC_MSGSEND = YES;
				GCC_C_LANGUAGE_STANDARD = gnu99;
				GCC_NO_COMMON_BLOCKS = YES;
				GCC_WARN_64_TO_32_BIT_CONVERSION = YES;
				GCC_WARN_ABOUT_RETURN_TYPE = YES_ERROR;
				GCC_WARN_UNDECLARED_SELECTOR = YES;
				GCC_WARN_UNINITIALIZED_AUTOS = YES_AGGRESSIVE;
				GCC_WARN_UNUSED_FUNCTION = YES;
				GCC_WARN_UNUSED_VARIABLE = YES;
				IPHONEOS_DEPLOYMENT_TARGET = 10.1;
				MTL_ENABLE_DEBUG_INFO = NO;
				SDKROOT = iphoneos;
				SWIFT_OPTIMIZATION_LEVEL = "-Owholemodule";
				TARGETED_DEVICE_FAMILY = "1,2";
				VALIDATE_PRODUCT = YES;
			};
			name = Release;
		};
		43758A441DFC68A700BE6D3B /* Debug */ = {
			isa = XCBuildConfiguration;
			baseConfigurationReference = 702AA35CB2C96FE957E8E882 /* Pods-PicCrypt.debug.xcconfig */;
			buildSettings = {
				ASSETCATALOG_COMPILER_APPICON_NAME = AppIcon;
				DEVELOPMENT_TEAM = WQ4X98Q4GE;
				INFOPLIST_FILE = PicCrypt/Info.plist;
				LD_RUNPATH_SEARCH_PATHS = "$(inherited) @executable_path/Frameworks";
				PRODUCT_BUNDLE_IDENTIFIER = com.frasertheking.PicCrypt;
				PRODUCT_NAME = "$(TARGET_NAME)";
				SWIFT_VERSION = 3.0;
			};
			name = Debug;
		};
		43758A451DFC68A700BE6D3B /* Release */ = {
			isa = XCBuildConfiguration;
			baseConfigurationReference = 01C66D4558ED024E9F42E61A /* Pods-PicCrypt.release.xcconfig */;
			buildSettings = {
				ASSETCATALOG_COMPILER_APPICON_NAME = AppIcon;
				DEVELOPMENT_TEAM = WQ4X98Q4GE;
				INFOPLIST_FILE = PicCrypt/Info.plist;
				LD_RUNPATH_SEARCH_PATHS = "$(inherited) @executable_path/Frameworks";
				PRODUCT_BUNDLE_IDENTIFIER = com.frasertheking.PicCrypt;
				PRODUCT_NAME = "$(TARGET_NAME)";
				SWIFT_VERSION = 3.0;
			};
			name = Release;
		};
/* End XCBuildConfiguration section */

/* Begin XCConfigurationList section */
		43758A2C1DFC68A700BE6D3B /* Build configuration list for PBXProject "PicCrypt" */ = {
			isa = XCConfigurationList;
			buildConfigurations = (
				43758A411DFC68A700BE6D3B /* Debug */,
				43758A421DFC68A700BE6D3B /* Release */,
			);
			defaultConfigurationIsVisible = 0;
			defaultConfigurationName = Release;
		};
		43758A431DFC68A700BE6D3B /* Build configuration list for PBXNativeTarget "PicCrypt" */ = {
			isa = XCConfigurationList;
			buildConfigurations = (
				43758A441DFC68A700BE6D3B /* Debug */,
				43758A451DFC68A700BE6D3B /* Release */,
			);
			defaultConfigurationIsVisible = 0;
			defaultConfigurationName = Release;
		};
/* End XCConfigurationList section */
	};
	rootObject = 43758A291DFC68A700BE6D3B /* Project object */;
}
